
Microsoft Visual Studio Solution File, Format Version 12.00
# Visual Studio Version 17
VisualStudioVersion = 17.13.35605.110 d17.13
MinimumVisualStudioVersion = 10.0.40219.1
Project("{FAE04EC0-301F-11D3-BF4B-00C04F79EFBC}") = "SqlDataAccess", "SqlDataAccess\SqlDataAccess.csproj", "{139DC0DE-2818-4871-983F-7D13676DA04C}"
EndProject
Global
	GlobalSection(SolutionConfigurationPlatforms) = preSolution
		Debug|Any CPU = Debug|Any CPU
		Release|Any CPU = Release|Any CPU
	EndGlobalSection
	GlobalSection(ProjectConfigurationPlatforms) = postSolution
		{139DC0DE-2818-4871-983F-7D13676DA04C}.Debug|Any CPU.ActiveCfg = Debug|Any CPU
		{139DC0DE-2818-4871-983F-7D13676DA04C}.Debug|Any CPU.Build.0 = Debug|Any CPU
		{139DC0DE-2818-4871-983F-7D13676DA04C}.Release|Any CPU.ActiveCfg = Release|Any CPU
		{139DC0DE-2818-4871-983F-7D13676DA04C}.Release|Any CPU.Build.0 = Release|Any CPU
	EndGlobalSection
	GlobalSection(SolutionProperties) = preSolution
		HideSolutionNode = FALSE
	EndGlobalSection
	GlobalSection(ExtensibilityGlobals) = postSolution
		SolutionGuid = {80A52E4C-0735-4273-8628-3C18715FC13A}
	EndGlobalSection
EndGlobal
